<?xml version="1.0" encoding="utf-8"?>
<Project ToolsVersion="4.0" xmlns="http://schemas.microsoft.com/developer/msbuild/2003">
  <ItemGroup>
    <Filter Include="Viewer">
      <UniqueIdentifier>{4904d959-0c95-42a9-bc39-92d90c9d5de3}</UniqueIdentifier>
    </Filter>
    <Filter Include="Math">
      <UniqueIdentifier>{0eb82d26-52e3-4f7e-9f0c-8211fdb0252c}</UniqueIdentifier>
    </Filter>
    <Filter Include="Engine">
      <UniqueIdentifier>{ca4686c9-4fb1-404e-a141-94eb7cde5cf8}</UniqueIdentifier>
    </Filter>
    <Filter Include="ImGui">
      <UniqueIdentifier>{322287ad-d245-4af7-bf45-f6ca38408cc2}</UniqueIdentifier>
    </Filter>
    <Filter Include="Assets">
      <UniqueIdentifier>{174750f0-d7a8-4bc7-9192-3f9ad006ab0f}</UniqueIdentifier>
    </Filter>
    <Filter Include="Viewer\Shaders">
      <UniqueIdentifier>{91d65a58-e373-4c15-bf0f-08adc9b6d917}</UniqueIdentifier>
    </Filter>
    <Filter Include="Engine\Shaders">
      <UniqueIdentifier>{9c0e8784-f27f-4a70-ad7b-a63ee3a24147}</UniqueIdentifier>
    </Filter>
    <Filter Include="SIMD">
      <UniqueIdentifier>{eb4b3d14-c7f4-48c1-8e5d-487f5634a0bb}</UniqueIdentifier>
    </Filter>
  </ItemGroup>
  <ItemGroup>
    <ClInclude Include="src\Viewer\Application.h">
      <Filter>Viewer</Filter>
    </ClInclude>
    <ClInclude Include="src\Engine\Renderer.h">
      <Filter>Engine</Filter>
    </ClInclude>
    <ClInclude Include="src\Math\Math.h">
      <Filter>Math</Filter>
    </ClInclude>
    <ClInclude Include="src\Math\Vec.h">
      <Filter>Math</Filter>
    </ClInclude>
    <ClInclude Include="src\Math\Vec2.h">
      <Filter>Math</Filter>
    </ClInclude>
    <ClInclude Include="src\Math\Vec3.h">
      <Filter>Math</Filter>
    </ClInclude>
    <ClInclude Include="src\Engine\Scene.h">
      <Filter>Engine</Filter>
    </ClInclude>
    <ClInclude Include="src\Viewer\Window.h">
      <Filter>Viewer</Filter>
    </ClInclude>
    <ClInclude Include="src\ImGui\imgui_impl_glfw.h">
      <Filter>ImGui</Filter>
    </ClInclude>
    <ClInclude Include="src\ImGui\imgui_impl_opengl3.h">
      <Filter>ImGui</Filter>
    </ClInclude>
    <ClInclude Include="src\Viewer\Menu.h">
      <Filter>Viewer</Filter>
    </ClInclude>
    <ClInclude Include="src\Assets\Mesh.h">
      <Filter>Assets</Filter>
    </ClInclude>
    <ClInclude Include="src\Assets\Texture.h">
      <Filter>Assets</Filter>
    </ClInclude>
    <ClInclude Include="src\Assets\Vertex.h">
      <Filter>Assets</Filter>
    </ClInclude>
    <ClInclude Include="src\Engine\Settings.h">
      <Filter>Engine</Filter>
    </ClInclude>
    <ClInclude Include="src\Assets\Color4b.h">
      <Filter>Assets</Filter>
    </ClInclude>
    <ClInclude Include="src\Viewer\Shader.h">
      <Filter>Viewer</Filter>
    </ClInclude>
    <ClInclude Include="src\Engine\Tile.h">
      <Filter>Engine</Filter>
    </ClInclude>
    <ClInclude Include="src\Engine\Camera.h">
      <Filter>Engine</Filter>
    </ClInclude>
    <ClInclude Include="src\Engine\Triangle.h">
      <Filter>Engine</Filter>
    </ClInclude>
    <ClInclude Include="src\Engine\Clipper.h">
      <Filter>Engine</Filter>
    </ClInclude>
    <ClInclude Include="src\Engine\Concurrency.h">
      <Filter>Engine</Filter>
    </ClInclude>
    <ClInclude Include="src\Engine\Larrabee.h">
      <Filter>Engine</Filter>
    </ClInclude>
    <ClInclude Include="src\SIMD\AVX.h">
      <Filter>SIMD</Filter>
    </ClInclude>
    <ClInclude Include="src\SIMD\AVXBool.h">
      <Filter>SIMD</Filter>
    </ClInclude>
    <ClInclude Include="src\SIMD\AVXFloat.h">
      <Filter>SIMD</Filter>
    </ClInclude>
    <ClInclude Include="src\SIMD\AVXInt.h">
      <Filter>SIMD</Filter>
    </ClInclude>
    <ClInclude Include="src\SIMD\SSEBool.h">
      <Filter>SIMD</Filter>
    </ClInclude>
    <ClInclude Include="src\SIMD\SSEFloat.h">
      <Filter>SIMD</Filter>
    </ClInclude>
    <ClInclude Include="src\SIMD\SSEInt.h">
      <Filter>SIMD</Filter>
    </ClInclude>
    <ClInclude Include="src\SIMD\SSE.h">
      <Filter>SIMD</Filter>
    </ClInclude>
    <ClInclude Include="src\Engine\Shaders\VertexShader.h">
      <Filter>Engine\Shaders</Filter>
    </ClInclude>
    <ClInclude Include="src\Engine\Shaders\FragmentShader.h">
      <Filter>Engine\Shaders</Filter>
    </ClInclude>
    <ClInclude Include="src\Engine\Pixel.h">
      <Filter>Engine</Filter>
    </ClInclude>
  </ItemGroup>
  <ItemGroup>
    <ClCompile Include="src\Main.cpp" />
    <ClCompile Include="src\Engine\Renderer.cpp">
      <Filter>Engine</Filter>
    </ClCompile>
    <ClCompile Include="src\Engine\Scene.cpp">
      <Filter>Engine</Filter>
    </ClCompile>
    <ClCompile Include="src\Viewer\Application.cpp">
      <Filter>Viewer</Filter>
    </ClCompile>
    <ClCompile Include="src\Viewer\Window.cpp">
      <Filter>Viewer</Filter>
    </ClCompile>
    <ClCompile Include="src\ImGui\imgui_impl_glfw.cpp">
      <Filter>ImGui</Filter>
    </ClCompile>
    <ClCompile Include="src\ImGui\imgui_impl_opengl3.cpp">
      <Filter>ImGui</Filter>
    </ClCompile>
    <ClCompile Include="src\Viewer\Menu.cpp">
      <Filter>Viewer</Filter>
    </ClCompile>
    <ClCompile Include="src\Assets\Mesh.cpp">
      <Filter>Assets</Filter>
    </ClCompile>
    <ClCompile Include="src\Assets\Texture.cpp">
      <Filter>Assets</Filter>
    </ClCompile>
    <ClCompile Include="src\Engine\Camera.cpp">
      <Filter>Engine</Filter>
    </ClCompile>
  </ItemGroup>
  <ItemGroup>
    <None Include="..\Assets\Shaders\Quad.frag">
      <Filter>Viewer\Shaders</Filter>
    </None>
    <None Include="..\Assets\Shaders\Quad.vert">
      <Filter>Viewer\Shaders</Filter>
    </None>
  </ItemGroup>
</Project>